
Microsoft Visual Studio Solution File, Format Version 12.00
# Visual Studio 15
VisualStudioVersion = 15.0.28010.2003
MinimumVisualStudioVersion = 10.0.40219.1
Project("{FAE04EC0-301F-11D3-BF4B-00C04F79EFBC}") = "ViberAutoClicker", "ViberAutoClicker.csproj", "{52F52328-4DC1-4730-9E4B-A531F13A1706}"
EndProject
Global
	GlobalSection(SolutionConfigurationPlatforms) = preSolution
		Debug|Any CPU = Debug|Any CPU
		Release|Any CPU = Release|Any CPU
	EndGlobalSection
	GlobalSection(ProjectConfigurationPlatforms) = postSolution
		{52F52328-4DC1-4730-9E4B-A531F13A1706}.Debug|Any CPU.ActiveCfg = Debug|Any CPU
		{52F52328-4DC1-4730-9E4B-A531F13A1706}.Debug|Any CPU.Build.0 = Debug|Any CPU
		{52F52328-4DC1-4730-9E4B-A531F13A1706}.Release|Any CPU.ActiveCfg = Release|Any CPU
		{52F52328-4DC1-4730-9E4B-A531F13A1706}.Release|Any CPU.Build.0 = Release|Any CPU
	EndGlobalSection
	GlobalSection(SolutionProperties) = preSolution
		HideSolutionNode = FALSE
	EndGlobalSection
	GlobalSection(ExtensibilityGlobals) = postSolution
		SolutionGuid = {C8DA2800-EB19-4614-A8BC-17B02E11E7F3}
	EndGlobalSection
EndGlobal
